// !$*UTF8*$!
{
	archiveVersion = 1;
	classes = {
	};
	objectVersion = 50;
	objects = {

/* Begin PBXBuildFile section */
		D07ACDAA26BA985100F17123 /* AppDelegate.swift in Sources */ = {isa = PBXBuildFile; fileRef = D07ACDA926BA985100F17123 /* AppDelegate.swift */; };
		D07ACDAC26BA985100F17123 /* SceneDelegate.swift in Sources */ = {isa = PBXBuildFile; fileRef = D07ACDAB26BA985100F17123 /* SceneDelegate.swift */; };
		D07ACDAE26BA985100F17123 /* ViewController.swift in Sources */ = {isa = PBXBuildFile; fileRef = D07ACDAD26BA985100F17123 /* ViewController.swift */; };
		D07ACDB126BA985100F17123 /* Main.storyboard in Resources */ = {isa = PBXBuildFile; fileRef = D07ACDAF26BA985100F17123 /* Main.storyboard */; };
		D07ACDB326BA985D00F17123 /* Assets.xcassets in Resources */ = {isa = PBXBuildFile; fileRef = D07ACDB226BA985D00F17123 /* Assets.xcassets */; };
		D07ACDB626BA985D00F17123 /* LaunchScreen.storyboard in Resources */ = {isa = PBXBuildFile; fileRef = D07ACDB426BA985D00F17123 /* LaunchScreen.storyboard */; };
		D07ACDC126BA985E00F17123 /* DigiguruTests.swift in Sources */ = {isa = PBXBuildFile; fileRef = D07ACDC026BA985E00F17123 /* DigiguruTests.swift */; };
		D07ACDCC26BA985F00F17123 /* DigiguruUITests.swift in Sources */ = {isa = PBXBuildFile; fileRef = D07ACDCB26BA985F00F17123 /* DigiguruUITests.swift */; };
/* End PBXBuildFile section */

/* Begin PBXContainerItemProxy section */
		D07ACDBD26BA985E00F17123 /* PBXContainerItemProxy */ = {
			isa = PBXContainerItemProxy;
			containerPortal = D07ACD9E26BA985100F17123 /* Project object */;
			proxyType = 1;
			remoteGlobalIDString = D07ACDA526BA985100F17123;
			remoteInfo = Digiguru;
		};
		D07ACDC826BA985F00F17123 /* PBXContainerItemProxy */ = {
			isa = PBXContainerItemProxy;
			containerPortal = D07ACD9E26BA985100F17123 /* Project object */;
			proxyType = 1;
			remoteGlobalIDString = D07ACDA526BA985100F17123;
			remoteInfo = Digiguru;
		};
/* End PBXContainerItemProxy section */

/* Begin PBXFileReference section */
		D07ACDA626BA985100F17123 /* Digiguru.app */ = {isa = PBXFileReference; explicitFileType = wrapper.application; includeInIndex = 0; path = Digiguru.app; sourceTree = BUILT_PRODUCTS_DIR; };
		D07ACDA926BA985100F17123 /* AppDelegate.swift */ = {isa = PBXFileReference; lastKnownFileType = sourcecode.swift; path = AppDelegate.swift; sourceTree = "<group>"; };
		D07ACDAB26BA985100F17123 /* SceneDelegate.swift */ = {isa = PBXFileReference; lastKnownFileType = sourcecode.swift; path = SceneDelegate.swift; sourceTree = "<group>"; };
		D07ACDAD26BA985100F17123 /* ViewController.swift */ = {isa = PBXFileReference; lastKnownFileType = sourcecode.swift; path = ViewController.swift; sourceTree = "<group>"; };
		D07ACDB026BA985100F17123 /* Base */ = {isa = PBXFileReference; lastKnownFileType = file.storyboard; name = Base; path = Base.lproj/Main.storyboard; sourceTree = "<group>"; };
		D07ACDB226BA985D00F17123 /* Assets.xcassets */ = {isa = PBXFileReference; lastKnownFileType = folder.assetcatalog; path = Assets.xcassets; sourceTree = "<group>"; };
		D07ACDB526BA985D00F17123 /* Base */ = {isa = PBXFileReference; lastKnownFileType = file.storyboard; name = Base; path = Base.lproj/LaunchScreen.storyboard; sourceTree = "<group>"; };
		D07ACDB726BA985D00F17123 /* Info.plist */ = {isa = PBXFileReference; lastKnownFileType = text.plist.xml; path = Info.plist; sourceTree = "<group>"; };
		D07ACDBC26BA985E00F17123 /* DigiguruTests.xctest */ = {isa = PBXFileReference; explicitFileType = wrapper.cfbundle; includeInIndex = 0; path = DigiguruTests.xctest; sourceTree = BUILT_PRODUCTS_DIR; };
		D07ACDC026BA985E00F17123 /* DigiguruTests.swift */ = {isa = PBXFileReference; lastKnownFileType = sourcecode.swift; path = DigiguruTests.swift; sourceTree = "<group>"; };
		D07ACDC226BA985E00F17123 /* Info.plist */ = {isa = PBXFileReference; lastKnownFileType = text.plist.xml; path = Info.plist; sourceTree = "<group>"; };
		D07ACDC726BA985F00F17123 /* DigiguruUITests.xctest */ = {isa = PBXFileReference; explicitFileType = wrapper.cfbundle; includeInIndex = 0; path = DigiguruUITests.xctest; sourceTree = BUILT_PRODUCTS_DIR; };
		D07ACDCB26BA985F00F17123 /* DigiguruUITests.swift */ = {isa = PBXFileReference; lastKnownFileType = sourcecode.swift; path = DigiguruUITests.swift; sourceTree = "<group>"; };
		D07ACDCD26BA985F00F17123 /* Info.plist */ = {isa = PBXFileReference; lastKnownFileType = text.plist.xml; path = Info.plist; sourceTree = "<group>"; };
/* End PBXFileReference section */

/* Begin PBXFrameworksBuildPhase section */
		D07ACDA326BA985100F17123 /* Frameworks */ = {
			isa = PBXFrameworksBuildPhase;
			buildActionMask = 2147483647;
			files = (
			);
			runOnlyForDeploymentPostprocessing = 0;
		};
		D07ACDB926BA985E00F17123 /* Frameworks */ = {
			isa = PBXFrameworksBuildPhase;
			buildActionMask = 2147483647;
			files = (
			);
			runOnlyForDeploymentPostprocessing = 0;
		};
		D07ACDC426BA985F00F17123 /* Frameworks */ = {
			isa = PBXFrameworksBuildPhase;
			buildActionMask = 2147483647;
			files = (
			);
			runOnlyForDeploymentPostprocessing = 0;
		};
/* End PBXFrameworksBuildPhase section */

/* Begin PBXGroup section */
		D07ACD9D26BA985100F17123 = {
			isa = PBXGroup;
			children = (
				D07ACDA826BA985100F17123 /* Digiguru */,
				D07ACDBF26BA985E00F17123 /* DigiguruTests */,
				D07ACDCA26BA985F00F17123 /* DigiguruUITests */,
				D07ACDA726BA985100F17123 /* Products */,
			);
			sourceTree = "<group>";
		};
		D07ACDA726BA985100F17123 /* Products */ = {
			isa = PBXGroup;
			children = (
				D07ACDA626BA985100F17123 /* Digiguru.app */,
				D07ACDBC26BA985E00F17123 /* DigiguruTests.xctest */,
				D07ACDC726BA985F00F17123 /* DigiguruUITests.xctest */,
			);
			name = Products;
			sourceTree = "<group>";
		};
		D07ACDA826BA985100F17123 /* Digiguru */ = {
			isa = PBXGroup;
			children = (
				D07ACDA926BA985100F17123 /* AppDelegate.swift */,
				D07ACDAB26BA985100F17123 /* SceneDelegate.swift */,
				D07ACDAD26BA985100F17123 /* ViewController.swift */,
				D07ACDAF26BA985100F17123 /* Main.storyboard */,
				D07ACDB226BA985D00F17123 /* Assets.xcassets */,
				D07ACDB426BA985D00F17123 /* LaunchScreen.storyboard */,
				D07ACDB726BA985D00F17123 /* Info.plist */,
			);
			path = Digiguru;
			sourceTree = "<group>";
		};
		D07ACDBF26BA985E00F17123 /* DigiguruTests */ = {
			isa = PBXGroup;
			children = (
				D07ACDC026BA985E00F17123 /* DigiguruTests.swift */,
				D07ACDC226BA985E00F17123 /* Info.plist */,
			);
			path = DigiguruTests;
			sourceTree = "<group>";
		};
		D07ACDCA26BA985F00F17123 /* DigiguruUITests */ = {
			isa = PBXGroup;
			children = (
				D07ACDCB26BA985F00F17123 /* DigiguruUITests.swift */,
				D07ACDCD26BA985F00F17123 /* Info.plist */,
			);
			path = DigiguruUITests;
			sourceTree = "<group>";
		};
/* End PBXGroup section */

/* Begin PBXNativeTarget section */
		D07ACDA526BA985100F17123 /* Digiguru */ = {
			isa = PBXNativeTarget;
			buildConfigurationList = D07ACDD026BA985F00F17123 /* Build configuration list for PBXNativeTarget "Digiguru" */;
			buildPhases = (
				D07ACDA226BA985100F17123 /* Sources */,
				D07ACDA326BA985100F17123 /* Frameworks */,
				D07ACDA426BA985100F17123 /* Resources */,
			);
			buildRules = (
			);
			dependencies = (
			);
			name = Digiguru;
			productName = Digiguru;
			productReference = D07ACDA626BA985100F17123 /* Digiguru.app */;
			productType = "com.apple.product-type.application";
		};
		D07ACDBB26BA985E00F17123 /* DigiguruTests */ = {
			isa = PBXNativeTarget;
			buildConfigurationList = D07ACDD326BA985F00F17123 /* Build configuration list for PBXNativeTarget "DigiguruTests" */;
			buildPhases = (
				D07ACDB826BA985E00F17123 /* Sources */,
				D07ACDB926BA985E00F17123 /* Frameworks */,
				D07ACDBA26BA985E00F17123 /* Resources */,
			);
			buildRules = (
			);
			dependencies = (
				D07ACDBE26BA985E00F17123 /* PBXTargetDependency */,
			);
			name = DigiguruTests;
			productName = DigiguruTests;
			productReference = D07ACDBC26BA985E00F17123 /* DigiguruTests.xctest */;
			productType = "com.apple.product-type.bundle.unit-test";
		};
		D07ACDC626BA985F00F17123 /* DigiguruUITests */ = {
			isa = PBXNativeTarget;
			buildConfigurationList = D07ACDD626BA985F00F17123 /* Build configuration list for PBXNativeTarget "DigiguruUITests" */;
			buildPhases = (
				D07ACDC326BA985F00F17123 /* Sources */,
				D07ACDC426BA985F00F17123 /* Frameworks */,
				D07ACDC526BA985F00F17123 /* Resources */,
			);
			buildRules = (
			);
			dependencies = (
				D07ACDC926BA985F00F17123 /* PBXTargetDependency */,
			);
			name = DigiguruUITests;
			productName = DigiguruUITests;
			productReference = D07ACDC726BA985F00F17123 /* DigiguruUITests.xctest */;
			productType = "com.apple.product-type.bundle.ui-testing";
		};
/* End PBXNativeTarget section */

/* Begin PBXProject section */
		D07ACD9E26BA985100F17123 /* Project object */ = {
			isa = PBXProject;
			attributes = {
				LastSwiftUpdateCheck = 1250;
				LastUpgradeCheck = 1250;
				TargetAttributes = {
					D07ACDA526BA985100F17123 = {
						CreatedOnToolsVersion = 12.5.1;
					};
					D07ACDBB26BA985E00F17123 = {
						CreatedOnToolsVersion = 12.5.1;
						TestTargetID = D07ACDA526BA985100F17123;
					};
					D07ACDC626BA985F00F17123 = {
						CreatedOnToolsVersion = 12.5.1;
						TestTargetID = D07ACDA526BA985100F17123;
					};
				};
			};
			buildConfigurationList = D07ACDA126BA985100F17123 /* Build configuration list for PBXProject "Digiguru" */;
			compatibilityVersion = "Xcode 9.3";
			developmentRegion = en;
			hasScannedForEncodings = 0;
			knownRegions = (
				en,
				Base,
			);
			mainGroup = D07ACD9D26BA985100F17123;
			productRefGroup = D07ACDA726BA985100F17123 /* Products */;
			projectDirPath = "";
			projectRoot = "";
			targets = (
				D07ACDA526BA985100F17123 /* Digiguru */,
				D07ACDBB26BA985E00F17123 /* DigiguruTests */,
				D07ACDC626BA985F00F17123 /* DigiguruUITests */,
			);
		};
/* End PBXProject section */

/* Begin PBXResourcesBuildPhase section */
		D07ACDA426BA985100F17123 /* Resources */ = {
			isa = PBXResourcesBuildPhase;
			buildActionMask = 2147483647;
			files = (
				D07ACDB626BA985D00F17123 /* LaunchScreen.storyboard in Resources */,
				D07ACDB326BA985D00F17123 /* Assets.xcassets in Resources */,
				D07ACDB126BA985100F17123 /* Main.storyboard in Resources */,
			);
			runOnlyForDeploymentPostprocessing = 0;
		};
		D07ACDBA26BA985E00F17123 /* Resources */ = {
			isa = PBXResourcesBuildPhase;
			buildActionMask = 2147483647;
			files = (
			);
			runOnlyForDeploymentPostprocessing = 0;
		};
		D07ACDC526BA985F00F17123 /* Resources */ = {
			isa = PBXResourcesBuildPhase;
			buildActionMask = 2147483647;
			files = (
			);
			runOnlyForDeploymentPostprocessing = 0;
		};
/* End PBXResourcesBuildPhase section */

/* Begin PBXSourcesBuildPhase section */
		D07ACDA226BA985100F17123 /* Sources */ = {
			isa = PBXSourcesBuildPhase;
			buildActionMask = 2147483647;
			files = (
				D07ACDAE26BA985100F17123 /* ViewController.swift in Sources */,
				D07ACDAA26BA985100F17123 /* AppDelegate.swift in Sources */,
				D07ACDAC26BA985100F17123 /* SceneDelegate.swift in Sources */,
			);
			runOnlyForDeploymentPostprocessing = 0;
		};
		D07ACDB826BA985E00F17123 /* Sources */ = {
			isa = PBXSourcesBuildPhase;
			buildActionMask = 2147483647;
			files = (
				D07ACDC126BA985E00F17123 /* DigiguruTests.swift in Sources */,
			);
			runOnlyForDeploymentPostprocessing = 0;
		};
		D07ACDC326BA985F00F17123 /* Sources */ = {
			isa = PBXSourcesBuildPhase;
			buildActionMask = 2147483647;
			files = (
				D07ACDCC26BA985F00F17123 /* DigiguruUITests.swift in Sources */,
			);
			runOnlyForDeploymentPostprocessing = 0;
		};
/* End PBXSourcesBuildPhase section */

/* Begin PBXTargetDependency section */
		D07ACDBE26BA985E00F17123 /* PBXTargetDependency */ = {
			isa = PBXTargetDependency;
			target = D07ACDA526BA985100F17123 /* Digiguru */;
			targetProxy = D07ACDBD26BA985E00F17123 /* PBXContainerItemProxy */;
		};
		D07ACDC926BA985F00F17123 /* PBXTargetDependency */ = {
			isa = PBXTargetDependency;
			target = D07ACDA526BA985100F17123 /* Digiguru */;
			targetProxy = D07ACDC826BA985F00F17123 /* PBXContainerItemProxy */;
		};
/* End PBXTargetDependency section */

/* Begin PBXVariantGroup section */
		D07ACDAF26BA985100F17123 /* Main.storyboard */ = {
			isa = PBXVariantGroup;
			children = (
				D07ACDB026BA985100F17123 /* Base */,
			);
			name = Main.storyboard;
			sourceTree = "<group>";
		};
		D07ACDB426BA985D00F17123 /* LaunchScreen.storyboard */ = {
			isa = PBXVariantGroup;
			children = (
				D07ACDB526BA985D00F17123 /* Base */,
			);
			name = LaunchScreen.storyboard;
			sourceTree = "<group>";
		};
/* End PBXVariantGroup section */

/* Begin XCBuildConfiguration section */
		D07ACDCE26BA985F00F17123 /* Debug */ = {
			isa = XCBuildConfiguration;
			buildSettings = {
				ALWAYS_SEARCH_USER_PATHS = NO;
				CLANG_ANALYZER_NONNULL = YES;
				CLANG_ANALYZER_NUMBER_OBJECT_CONVERSION = YES_AGGRESSIVE;
				CLANG_CXX_LANGUAGE_STANDARD = "gnu++14";
				CLANG_CXX_LIBRARY = "libc++";
				CLANG_ENABLE_MODULES = YES;
				CLANG_ENABLE_OBJC_ARC = YES;
				CLANG_ENABLE_OBJC_WEAK = YES;
				CLANG_WARN_BLOCK_CAPTURE_AUTORELEASING = YES;
				CLANG_WARN_BOOL_CONVERSION = YES;
				CLANG_WARN_COMMA = YES;
				CLANG_WARN_CONSTANT_CONVERSION = YES;
				CLANG_WARN_DEPRECATED_OBJC_IMPLEMENTATIONS = YES;
				CLANG_WARN_DIRECT_OBJC_ISA_USAGE = YES_ERROR;
				CLANG_WARN_DOCUMENTATION_COMMENTS = YES;
				CLANG_WARN_EMPTY_BODY = YES;
				CLANG_WARN_ENUM_CONVERSION = YES;
				CLANG_WARN_INFINITE_RECURSION = YES;
				CLANG_WARN_INT_CONVERSION = YES;
				CLANG_WARN_NON_LITERAL_NULL_CONVERSION = YES;
				CLANG_WARN_OBJC_IMPLICIT_RETAIN_SELF = YES;
				CLANG_WARN_OBJC_LITERAL_CONVERSION = YES;
				CLANG_WARN_OBJC_ROOT_CLASS = YES_ERROR;
				CLANG_WARN_QUOTED_INCLUDE_IN_FRAMEWORK_HEADER = YES;
				CLANG_WARN_RANGE_LOOP_ANALYSIS = YES;
				CLANG_WARN_STRICT_PROTOTYPES = YES;
				CLANG_WARN_SUSPICIOUS_MOVE = YES;
				CLANG_WARN_UNGUARDED_AVAILABILITY = YES_AGGRESSIVE;
				CLANG_WARN_UNREACHABLE_CODE = YES;
				CLANG_WARN__DUPLICATE_METHOD_MATCH = YES;
				COPY_PHASE_STRIP = NO;
				DEBUG_INFORMATION_FORMAT = dwarf;
				ENABLE_STRICT_OBJC_MSGSEND = YES;
				ENABLE_TESTABILITY = YES;
				GCC_C_LANGUAGE_STANDARD = gnu11;
				GCC_DYNAMIC_NO_PIC = NO;
				GCC_NO_COMMON_BLOCKS = YES;
				GCC_OPTIMIZATION_LEVEL = 0;
				GCC_PREPROCESSOR_DEFINITIONS = (
					"DEBUG=1",
					"$(inherited)",
				);
				GCC_WARN_64_TO_32_BIT_CONVERSION = YES;
				GCC_WARN_ABOUT_RETURN_TYPE = YES_ERROR;
				GCC_WARN_UNDECLARED_SELECTOR = YES;
				GCC_WARN_UNINITIALIZED_AUTOS = YES_AGGRESSIVE;
				GCC_WARN_UNUSED_FUNCTION = YES;
				GCC_WARN_UNUSED_VARIABLE = YES;
				IPHONEOS_DEPLOYMENT_TARGET = 14.5;
				MTL_ENABLE_DEBUG_INFO = INCLUDE_SOURCE;
				MTL_FAST_MATH = YES;
				ONLY_ACTIVE_ARCH = YES;
				SDKROOT = iphoneos;
				SWIFT_ACTIVE_COMPILATION_CONDITIONS = DEBUG;
				SWIFT_OPTIMIZATION_LEVEL = "-Onone";
			};
			name = Debug;
		};
		D07ACDCF26BA985F00F17123 /* Release */ = {
			isa = XCBuildConfiguration;
			buildSettings = {
				ALWAYS_SEARCH_USER_PATHS = NO;
				CLANG_ANALYZER_NONNULL = YES;
				CLANG_ANALYZER_NUMBER_OBJECT_CONVERSION = YES_AGGRESSIVE;
				CLANG_CXX_LANGUAGE_STANDARD = "gnu++14";
				CLANG_CXX_LIBRARY = "libc++";
				CLANG_ENABLE_MODULES = YES;
				CLANG_ENABLE_OBJC_ARC = YES;
				CLANG_ENABLE_OBJC_WEAK = YES;
				CLANG_WARN_BLOCK_CAPTURE_AUTORELEASING = YES;
				CLANG_WARN_BOOL_CONVERSION = YES;
				CLANG_WARN_COMMA = YES;
				CLANG_WARN_CONSTANT_CONVERSION = YES;
				CLANG_WARN_DEPRECATED_OBJC_IMPLEMENTATIONS = YES;
				CLANG_WARN_DIRECT_OBJC_ISA_USAGE = YES_ERROR;
				CLANG_WARN_DOCUMENTATION_COMMENTS = YES;
				CLANG_WARN_EMPTY_BODY = YES;
				CLANG_WARN_ENUM_CONVERSION = YES;
				CLANG_WARN_INFINITE_RECURSION = YES;
				CLANG_WARN_INT_CONVERSION = YES;
				CLANG_WARN_NON_LITERAL_NULL_CONVERSION = YES;
				CLANG_WARN_OBJC_IMPLICIT_RETAIN_SELF = YES;
				CLANG_WARN_OBJC_LITERAL_CONVERSION = YES;
				CLANG_WARN_OBJC_ROOT_CLASS = YES_ERROR;
				CLANG_WARN_QUOTED_INCLUDE_IN_FRAMEWORK_HEADER = YES;
				CLANG_WARN_RANGE_LOOP_ANALYSIS = YES;
				CLANG_WARN_STRICT_PROTOTYPES = YES;
				CLANG_WARN_SUSPICIOUS_MOVE = YES;
				CLANG_WARN_UNGUARDED_AVAILABILITY = YES_AGGRESSIVE;
				CLANG_WARN_UNREACHABLE_CODE = YES;
				CLANG_WARN__DUPLICATE_METHOD_MATCH = YES;
				COPY_PHASE_STRIP = NO;
				DEBUG_INFORMATION_FORMAT = "dwarf-with-dsym";
				ENABLE_NS_ASSERTIONS = NO;
				ENABLE_STRICT_OBJC_MSGSEND = YES;
				GCC_C_LANGUAGE_STANDARD = gnu11;
				GCC_NO_COMMON_BLOCKS = YES;
				GCC_WARN_64_TO_32_BIT_CONVERSION = YES;
				GCC_WARN_ABOUT_RETURN_TYPE = YES_ERROR;
				GCC_WARN_UNDECLARED_SELECTOR = YES;
				GCC_WARN_UNINITIALIZED_AUTOS = YES_AGGRESSIVE;
				GCC_WARN_UNUSED_FUNCTION = YES;
				GCC_WARN_UNUSED_VARIABLE = YES;
				IPHONEOS_DEPLOYMENT_TARGET = 14.5;
				MTL_ENABLE_DEBUG_INFO = NO;
				MTL_FAST_MATH = YES;
				SDKROOT = iphoneos;
				SWIFT_COMPILATION_MODE = wholemodule;
				SWIFT_OPTIMIZATION_LEVEL = "-O";
				VALIDATE_PRODUCT = YES;
			};
			name = Release;
		};
		D07ACDD126BA985F00F17123 /* Debug */ = {
			isa = XCBuildConfiguration;
			buildSettings = {
				ASSETCATALOG_COMPILER_APPICON_NAME = AppIcon;
				ASSETCATALOG_COMPILER_GLOBAL_ACCENT_COLOR_NAME = AccentColor;
				CODE_SIGN_STYLE = Automatic;
				DEVELOPMENT_TEAM = 638JFH4RR5;
				INFOPLIST_FILE = Digiguru/Info.plist;
				LD_RUNPATH_SEARCH_PATHS = (
					"$(inherited)",
					"@executable_path/Frameworks",
				);
				PRODUCT_BUNDLE_IDENTIFIER = BuzzwareTECH.Digiguru;
				PRODUCT_NAME = "$(TARGET_NAME)";
				SWIFT_VERSION = 5.0;
				TARGETED_DEVICE_FAMILY = "1,2";
			};
			name = Debug;
		};
		D07ACDD226BA985F00F17123 /* Release */ = {
			isa = XCBuildConfiguration;
			buildSettings = {
				ASSETCATALOG_COMPILER_APPICON_NAME = AppIcon;
				ASSETCATALOG_COMPILER_GLOBAL_ACCENT_COLOR_NAME = AccentColor;
				CODE_SIGN_STYLE = Automatic;
				DEVELOPMENT_TEAM = 638JFH4RR5;
				INFOPLIST_FILE = Digiguru/Info.plist;
				LD_RUNPATH_SEARCH_PATHS = (
					"$(inherited)",
					"@executable_path/Frameworks",
				);
				PRODUCT_BUNDLE_IDENTIFIER = BuzzwareTECH.Digiguru;
				PRODUCT_NAME = "$(TARGET_NAME)";
				SWIFT_VERSION = 5.0;
				TARGETED_DEVICE_FAMILY = "1,2";
			};
			name = Release;
		};
		D07ACDD426BA985F00F17123 /* Debug */ = {
			isa = XCBuildConfiguration;
			buildSettings = {
				ALWAYS_EMBED_SWIFT_STANDARD_LIBRARIES = YES;
				BUNDLE_LOADER = "$(TEST_HOST)";
				CODE_SIGN_STYLE = Automatic;
				DEVELOPMENT_TEAM = 638JFH4RR5;
				INFOPLIST_FILE = DigiguruTests/Info.plist;
				IPHONEOS_DEPLOYMENT_TARGET = 14.5;
				LD_RUNPATH_SEARCH_PATHS = (
					"$(inherited)",
					"@executable_path/Frameworks",
					"@loader_path/Frameworks",
				);
				PRODUCT_BUNDLE_IDENTIFIER = BuzzwareTECH.DigiguruTests;
				PRODUCT_NAME = "$(TARGET_NAME)";
				SWIFT_VERSION = 5.0;
				TARGETED_DEVICE_FAMILY = "1,2";
				TEST_HOST = "$(BUILT_PRODUCTS_DIR)/Digiguru.app/Digiguru";
			};
			name = Debug;
		};
		D07ACDD526BA985F00F17123 /* Release */ = {
			isa = XCBuildConfiguration;
			buildSettings = {
				ALWAYS_EMBED_SWIFT_STANDARD_LIBRARIES = YES;
				BUNDLE_LOADER = "$(TEST_HOST)";
				CODE_SIGN_STYLE = Automatic;
				DEVELOPMENT_TEAM = 638JFH4RR5;
				INFOPLIST_FILE = DigiguruTests/Info.plist;
				IPHONEOS_DEPLOYMENT_TARGET = 14.5;
				LD_RUNPATH_SEARCH_PATHS = (
					"$(inherited)",
					"@executable_path/Frameworks",
					"@loader_path/Frameworks",
				);
				PRODUCT_BUNDLE_IDENTIFIER = BuzzwareTECH.DigiguruTests;
				PRODUCT_NAME = "$(TARGET_NAME)";
				SWIFT_VERSION = 5.0;
				TARGETED_DEVICE_FAMILY = "1,2";
				TEST_HOST = "$(BUILT_PRODUCTS_DIR)/Digiguru.app/Digiguru";
			};
			name = Release;
		};
		D07ACDD726BA985F00F17123 /* Debug */ = {
			isa = XCBuildConfiguration;
			buildSettings = {
				ALWAYS_EMBED_SWIFT_STANDARD_LIBRARIES = YES;
				CODE_SIGN_STYLE = Automatic;
				DEVELOPMENT_TEAM = 638JFH4RR5;
				INFOPLIST_FILE = DigiguruUITests/Info.plist;
				LD_RUNPATH_SEARCH_PATHS = (
					"$(inherited)",
					"@executable_path/Frameworks",
					"@loader_path/Frameworks",
				);
				PRODUCT_BUNDLE_IDENTIFIER = BuzzwareTECH.DigiguruUITests;
				PRODUCT_NAME = "$(TARGET_NAME)";
				SWIFT_VERSION = 5.0;
				TARGETED_DEVICE_FAMILY = "1,2";
				TEST_TARGET_NAME = Digiguru;
			};
			name = Debug;
		};
		D07ACDD826BA985F00F17123 /* Release */ = {
			isa = XCBuildConfiguration;
			buildSettings = {
				ALWAYS_EMBED_SWIFT_STANDARD_LIBRARIES = YES;
				CODE_SIGN_STYLE = Automatic;
				DEVELOPMENT_TEAM = 638JFH4RR5;
				INFOPLIST_FILE = DigiguruUITests/Info.plist;
				LD_RUNPATH_SEARCH_PATHS = (
					"$(inherited)",
					"@executable_path/Frameworks",
					"@loader_path/Frameworks",
				);
				PRODUCT_BUNDLE_IDENTIFIER = BuzzwareTECH.DigiguruUITests;
				PRODUCT_NAME = "$(TARGET_NAME)";
				SWIFT_VERSION = 5.0;
				TARGETED_DEVICE_FAMILY = "1,2";
				TEST_TARGET_NAME = Digiguru;
			};
			name = Release;
		};
/* End XCBuildConfiguration section */

/* Begin XCConfigurationList section */
		D07ACDA126BA985100F17123 /* Build configuration list for PBXProject "Digiguru" */ = {
			isa = XCConfigurationList;
			buildConfigurations = (
				D07ACDCE26BA985F00F17123 /* Debug */,
				D07ACDCF26BA985F00F17123 /* Release */,
			);
			defaultConfigurationIsVisible = 0;
			defaultConfigurationName = Release;
		};
		D07ACDD026BA985F00F17123 /* Build configuration list for PBXNativeTarget "Digiguru" */ = {
			isa = XCConfigurationList;
			buildConfigurations = (
				D07ACDD126BA985F00F17123 /* Debug */,
				D07ACDD226BA985F00F17123 /* Release */,
			);
			defaultConfigurationIsVisible = 0;
			defaultConfigurationName = Release;
		};
		D07ACDD326BA985F00F17123 /* Build configuration list for PBXNativeTarget "DigiguruTests" */ = {
			isa = XCConfigurationList;
			buildConfigurations = (
				D07ACDD426BA985F00F17123 /* Debug */,
				D07ACDD526BA985F00F17123 /* Release */,
			);
			defaultConfigurationIsVisible = 0;
			defaultConfigurationName = Release;
		};
		D07ACDD626BA985F00F17123 /* Build configuration list for PBXNativeTarget "DigiguruUITests" */ = {
			isa = XCConfigurationList;
			buildConfigurations = (
				D07ACDD726BA985F00F17123 /* Debug */,
				D07ACDD826BA985F00F17123 /* Release */,
			);
			defaultConfigurationIsVisible = 0;
			defaultConfigurationName = Release;
		};
/* End XCConfigurationList section */
	};
	rootObject = D07ACD9E26BA985100F17123 /* Project object */;
}
